{
  "name": "pushkin",
  "version": "1.0.0",
  "lockfileVersion": 1,
  "requires": true,
  "dependencies": {
    "jspsych": {
      "version": "6.0.5",
      "resolved": "https://registry.npmjs.org/jspsych/-/jspsych-6.0.5.tgz",
      "integrity": "sha512-7kl7vrGd46QtE04dBfyQu8DMQDDN1XFxSeCo7RLCHG4RjpmXbtszO07O9cjP+9Z0Rc20D1KpVQpeZ1DYGNiOyg=="
    }
  }
}
