# THIS IS AN AUTOGENERATED FILE. DO NOT EDIT THIS FILE DIRECTLY.
# yarn lockfile v1


"@jspsych/plugin-html-slider-response@^1.1.2":
  version "1.1.2"
  resolved "https://registry.yarnpkg.com/@jspsych/plugin-html-slider-response/-/plugin-html-slider-response-1.1.2.tgz#5c6fc17dfc540cbef849fb29699af4c2207aef86"
  integrity sha512-KrktUzEPCF9oS7C4Lk2ushQg5cKxrD5aZzZ8vXYWtBXRYHBSuGm/Sk/vwZ/guv9nn0tNm+1p+XQctVrhZdtYjg==

"@jspsych/plugin-survey-likert@^1.1.2":
  version "1.1.2"
  resolved "https://registry.yarnpkg.com/@jspsych/plugin-survey-likert/-/plugin-survey-likert-1.1.2.tgz#eadabdc3bf7d2024cb07dd5092360fbb6abdaddc"
  integrity sha512-6/nbbfGAUgbEH5R8cQ6kW++Dvg/BLeJEQg0lHvpwBdq6lOSBKPCGD7mXMdgVOK6WxAlKYG3Hx9kaCXjpclIOAQ==
